{
  "version": 4,
  "terraform_version": "0.12.12",
  "serial": 4,
  "lineage": "9d5b6d8d-1e68-cb5d-549f-3594c3c80cf4",
  "outputs": {},
  "resources": [
    {
      "mode": "managed",
      "type": "aws_s3_bucket",
      "name": "runyourdinner-s3-bucket",
      "provider": "provider.aws",
      "instances": [
        {
          "schema_version": 0,
          "attributes": {
            "acceleration_status": "",
            "acl": "private",
            "arn": "arn:aws:s3:::runyourdinner",
            "bucket": "runyourdinner",
            "bucket_domain_name": "runyourdinner.s3.amazonaws.com",
            "bucket_prefix": null,
            "bucket_regional_domain_name": "runyourdinner.s3.eu-central-1.amazonaws.com",
            "cors_rule": [],
            "force_destroy": false,
            "hosted_zone_id": "Z21DNDUVLTQW6Q",
            "id": "runyourdinner",
            "lifecycle_rule": [],
            "logging": [],
            "object_lock_configuration": [],
            "policy": "{\"Id\":\"Policy1572622065147\",\"Statement\":[{\"Action\":\"s3:*\",\"Effect\":\"Allow\",\"Principal\":{\"AWS\":[\"arn:aws:iam::332135779582:user/technical-user\",\"arn:aws:iam::332135779582:user/clemens-stich-dev\"]},\"Resource\":\"arn:aws:s3:::runyourdinner/*\",\"Sid\":\"Stmt1572622052716\"}],\"Version\":\"2012-10-17\"}",
            "region": "eu-central-1",
            "replication_configuration": [],
            "request_payer": "BucketOwner",
            "server_side_encryption_configuration": [],
            "tags": {
              "Name": "runyourdinner-s3-bucket"
            },
            "versioning": [
              {
                "enabled": false,
                "mfa_delete": false
              }
            ],
            "website": [],
            "website_domain": null,
            "website_endpoint": null
          },
          "private": "bnVsbA=="
        }
      ]
    }
  ]
}
